
Microsoft Visual Studio Solution File, Format Version 12.00
Project("{FAE04EC0-301F-11D3-BF4B-00C04F79EFBC}") = "RestaurantOrderManager.Backend", "src\RestaurantOrderManager.Backend\RestaurantOrderManager.Backend.csproj", "{244FA11B-AF23-45D8-99CE-74913D20630D}"
EndProject
Project("{FAE04EC0-301F-11D3-BF4B-00C04F79EFBC}") = "RestaurantOrderManager.Backend.Test", "src\RestaurantOrderManager.Backend.Test\RestaurantOrderManager.Backend.Test.csproj", "{2A7EEF41-4624-4376-8E0F-7C796C5324F7}"
EndProject
Project("{2150E333-8FDC-42A3-9474-1A3956D46DE8}") = "Solution Items", "Solution Items", "{2AA51002-0DFA-4965-9BEC-CE24AA9E18AC}"
	ProjectSection(SolutionItems) = preProject
		README.md = README.md
		.gitignore = .gitignore
	EndProjectSection
EndProject
Project("{FAE04EC0-301F-11D3-BF4B-00C04F79EFBC}") = "RestaurantOrderManager.Backend.Proto", "src\RestaurantOrderManager.Backend.Proto\RestaurantOrderManager.Backend.Proto.csproj", "{29749208-9B45-4D75-A49C-9C9B36605A63}"
EndProject
Global
	GlobalSection(SolutionConfigurationPlatforms) = preSolution
		Debug|Any CPU = Debug|Any CPU
		Release|Any CPU = Release|Any CPU
	EndGlobalSection
	GlobalSection(ProjectConfigurationPlatforms) = postSolution
		{244FA11B-AF23-45D8-99CE-74913D20630D}.Debug|Any CPU.ActiveCfg = Debug|Any CPU
		{244FA11B-AF23-45D8-99CE-74913D20630D}.Debug|Any CPU.Build.0 = Debug|Any CPU
		{244FA11B-AF23-45D8-99CE-74913D20630D}.Release|Any CPU.ActiveCfg = Release|Any CPU
		{244FA11B-AF23-45D8-99CE-74913D20630D}.Release|Any CPU.Build.0 = Release|Any CPU
		{2A7EEF41-4624-4376-8E0F-7C796C5324F7}.Debug|Any CPU.ActiveCfg = Debug|Any CPU
		{2A7EEF41-4624-4376-8E0F-7C796C5324F7}.Debug|Any CPU.Build.0 = Debug|Any CPU
		{2A7EEF41-4624-4376-8E0F-7C796C5324F7}.Release|Any CPU.ActiveCfg = Release|Any CPU
		{2A7EEF41-4624-4376-8E0F-7C796C5324F7}.Release|Any CPU.Build.0 = Release|Any CPU
		{29749208-9B45-4D75-A49C-9C9B36605A63}.Debug|Any CPU.ActiveCfg = Debug|Any CPU
		{29749208-9B45-4D75-A49C-9C9B36605A63}.Debug|Any CPU.Build.0 = Debug|Any CPU
		{29749208-9B45-4D75-A49C-9C9B36605A63}.Release|Any CPU.ActiveCfg = Release|Any CPU
		{29749208-9B45-4D75-A49C-9C9B36605A63}.Release|Any CPU.Build.0 = Release|Any CPU
	EndGlobalSection
EndGlobal
